{
  "name": "@ayodhyagupta/json-to-table",
  "version": "1.0.0",
  "lockfileVersion": 3,
  "requires": true,
  "packages": {
    "": {
      "name": "@ayodhyagupta/json-to-table",
      "version": "1.0.0",
      "license": "MIT",
      "dependencies": {
        "@ayodhyagupta/json-to-table": "^1.0.0"
      }
    },
    "node_modules/@ayodhyagupta/json-to-table": {
      "version": "1.0.0",
      "resolved": "https://registry.npmjs.org/@ayodhyagupta/json-to-table/-/json-to-table-1.0.0.tgz",
      "integrity": "sha512-NLWnCLPUTQxzh+AZNxJxUeTc070oOOknjHltcXkiuQDiRfZhDtHBqiYpnJG2hhsUHt5Z+1LibVwsvPSBu2nXdw==",
      "license": "MIT"
    }
  }
}
